
Microsoft Visual Studio Solution File, Format Version 12.00
# Visual Studio Version 16
VisualStudioVersion = 16.0.29613.14
MinimumVisualStudioVersion = 10.0.40219.1
Project("{FAE04EC0-301F-11D3-BF4B-00C04F79EFBC}") = "SolutionCSharp", "SolutionCSharp.csproj", "{81B64177-441C-4247-AEE9-7E8205CFCCF2}"
EndProject
Global
	GlobalSection(SolutionConfigurationPlatforms) = preSolution
		Debug|Any CPU = Debug|Any CPU
		Release|Any CPU = Release|Any CPU
	EndGlobalSection
	GlobalSection(ProjectConfigurationPlatforms) = postSolution
		{81B64177-441C-4247-AEE9-7E8205CFCCF2}.Debug|Any CPU.ActiveCfg = Debug|Any CPU
		{81B64177-441C-4247-AEE9-7E8205CFCCF2}.Debug|Any CPU.Build.0 = Debug|Any CPU
		{81B64177-441C-4247-AEE9-7E8205CFCCF2}.Release|Any CPU.ActiveCfg = Release|Any CPU
		{81B64177-441C-4247-AEE9-7E8205CFCCF2}.Release|Any CPU.Build.0 = Release|Any CPU
	EndGlobalSection
	GlobalSection(SolutionProperties) = preSolution
		HideSolutionNode = FALSE
	EndGlobalSection
	GlobalSection(ExtensibilityGlobals) = postSolution
		SolutionGuid = {3B26ADCA-0258-4D24-A2D5-E734E75FF0DD}
	EndGlobalSection
EndGlobal
